// !$*UTF8*$!
{
	archiveVersion = 1;
	classes = {
	};
	objectVersion = 55;
	objects = {

/* Begin PBXBuildFile section */
		04E3B8DB283401120066FC88 /* ParkField.swift in Sources */ = {isa = PBXBuildFile; fileRef = 04E3B8DA283401120066FC88 /* ParkField.swift */; };
		04E3B8E028340F610066FC88 /* DayOfField.swift in Sources */ = {isa = PBXBuildFile; fileRef = 04E3B8DF28340F610066FC88 /* DayOfField.swift */; };
		3D7ED0202830B7DF00BA877B /* AppDelegate.swift in Sources */ = {isa = PBXBuildFile; fileRef = 3D7ED01F2830B7DF00BA877B /* AppDelegate.swift */; };
		3D7ED0222830B7DF00BA877B /* SceneDelegate.swift in Sources */ = {isa = PBXBuildFile; fileRef = 3D7ED0212830B7DF00BA877B /* SceneDelegate.swift */; };
		3D7ED0242830B7DF00BA877B /* ViewController.swift in Sources */ = {isa = PBXBuildFile; fileRef = 3D7ED0232830B7DF00BA877B /* ViewController.swift */; };
		3D7ED0272830B7DF00BA877B /* Main.storyboard in Resources */ = {isa = PBXBuildFile; fileRef = 3D7ED0252830B7DF00BA877B /* Main.storyboard */; };
		3D7ED0292830B7E100BA877B /* Assets.xcassets in Resources */ = {isa = PBXBuildFile; fileRef = 3D7ED0282830B7E100BA877B /* Assets.xcassets */; };
		3D7ED02C2830B7E100BA877B /* LaunchScreen.storyboard in Resources */ = {isa = PBXBuildFile; fileRef = 3D7ED02A2830B7E100BA877B /* LaunchScreen.storyboard */; };
		3D7ED0502830C37C00BA877B /* ParkingListViewController.swift in Sources */ = {isa = PBXBuildFile; fileRef = 3D7ED04F2830C37C00BA877B /* ParkingListViewController.swift */; };
		3D7ED0522830C4B200BA877B /* ParkingItemTableViewCell.swift in Sources */ = {isa = PBXBuildFile; fileRef = 3D7ED0512830C4B200BA877B /* ParkingItemTableViewCell.swift */; };
		3D7ED0542830C94E00BA877B /* data.json in Resources */ = {isa = PBXBuildFile; fileRef = 3D7ED0532830C94E00BA877B /* data.json */; };
		C12A73B528369FD100D21E4C /* ReservationViewController.swift in Sources */ = {isa = PBXBuildFile; fileRef = C12A73B428369FD100D21E4C /* ReservationViewController.swift */; };
		C12A73B72836A00500D21E4C /* ReservationTableViewCell.swift in Sources */ = {isa = PBXBuildFile; fileRef = C12A73B62836A00500D21E4C /* ReservationTableViewCell.swift */; };
		C18CEEF02834FEF3007FFEA0 /* BookingViewController.swift in Sources */ = {isa = PBXBuildFile; fileRef = C18CEEEF2834FEF3007FFEA0 /* BookingViewController.swift */; };
		C18CEEF22834FF7F007FFEA0 /* HelpViewController.swift in Sources */ = {isa = PBXBuildFile; fileRef = C18CEEF12834FF7F007FFEA0 /* HelpViewController.swift */; };
/* End PBXBuildFile section */

/* Begin PBXContainerItemProxy section */
		3D7ED0332830B7E100BA877B /* PBXContainerItemProxy */ = {
			isa = PBXContainerItemProxy;
			containerPortal = 3D7ED0142830B7DF00BA877B /* Project object */;
			proxyType = 1;
			remoteGlobalIDString = 3D7ED01B2830B7DF00BA877B;
			remoteInfo = parking;
		};
		3D7ED03D2830B7E100BA877B /* PBXContainerItemProxy */ = {
			isa = PBXContainerItemProxy;
			containerPortal = 3D7ED0142830B7DF00BA877B /* Project object */;
			proxyType = 1;
			remoteGlobalIDString = 3D7ED01B2830B7DF00BA877B;
			remoteInfo = parking;
		};
/* End PBXContainerItemProxy section */

/* Begin PBXFileReference section */
		04E3B8DA283401120066FC88 /* ParkField.swift */ = {isa = PBXFileReference; lastKnownFileType = sourcecode.swift; path = ParkField.swift; sourceTree = "<group>"; };
		04E3B8DF28340F610066FC88 /* DayOfField.swift */ = {isa = PBXFileReference; lastKnownFileType = sourcecode.swift; path = DayOfField.swift; sourceTree = "<group>"; };
		3D7ED01C2830B7DF00BA877B /* parking.app */ = {isa = PBXFileReference; explicitFileType = wrapper.application; includeInIndex = 0; path = parking.app; sourceTree = BUILT_PRODUCTS_DIR; };
		3D7ED01F2830B7DF00BA877B /* AppDelegate.swift */ = {isa = PBXFileReference; lastKnownFileType = sourcecode.swift; path = AppDelegate.swift; sourceTree = "<group>"; };
		3D7ED0212830B7DF00BA877B /* SceneDelegate.swift */ = {isa = PBXFileReference; lastKnownFileType = sourcecode.swift; path = SceneDelegate.swift; sourceTree = "<group>"; };
		3D7ED0232830B7DF00BA877B /* ViewController.swift */ = {isa = PBXFileReference; lastKnownFileType = sourcecode.swift; path = ViewController.swift; sourceTree = "<group>"; };
		3D7ED0262830B7DF00BA877B /* Base */ = {isa = PBXFileReference; lastKnownFileType = file.storyboard; name = Base; path = Base.lproj/Main.storyboard; sourceTree = "<group>"; };
		3D7ED0282830B7E100BA877B /* Assets.xcassets */ = {isa = PBXFileReference; lastKnownFileType = folder.assetcatalog; path = Assets.xcassets; sourceTree = "<group>"; };
		3D7ED02B2830B7E100BA877B /* Base */ = {isa = PBXFileReference; lastKnownFileType = file.storyboard; name = Base; path = Base.lproj/LaunchScreen.storyboard; sourceTree = "<group>"; };
		3D7ED02D2830B7E100BA877B /* Info.plist */ = {isa = PBXFileReference; lastKnownFileType = text.plist.xml; path = Info.plist; sourceTree = "<group>"; };
		3D7ED0322830B7E100BA877B /* parkingTests.xctest */ = {isa = PBXFileReference; explicitFileType = wrapper.cfbundle; includeInIndex = 0; path = parkingTests.xctest; sourceTree = BUILT_PRODUCTS_DIR; };
		3D7ED03C2830B7E100BA877B /* parkingUITests.xctest */ = {isa = PBXFileReference; explicitFileType = wrapper.cfbundle; includeInIndex = 0; path = parkingUITests.xctest; sourceTree = BUILT_PRODUCTS_DIR; };
		3D7ED04F2830C37C00BA877B /* ParkingListViewController.swift */ = {isa = PBXFileReference; lastKnownFileType = sourcecode.swift; path = ParkingListViewController.swift; sourceTree = "<group>"; };
		3D7ED0512830C4B200BA877B /* ParkingItemTableViewCell.swift */ = {isa = PBXFileReference; lastKnownFileType = sourcecode.swift; path = ParkingItemTableViewCell.swift; sourceTree = "<group>"; };
		3D7ED0532830C94E00BA877B /* data.json */ = {isa = PBXFileReference; lastKnownFileType = text.json; path = data.json; sourceTree = "<group>"; };
		C12A73B428369FD100D21E4C /* ReservationViewController.swift */ = {isa = PBXFileReference; lastKnownFileType = sourcecode.swift; path = ReservationViewController.swift; sourceTree = "<group>"; };
		C12A73B62836A00500D21E4C /* ReservationTableViewCell.swift */ = {isa = PBXFileReference; lastKnownFileType = sourcecode.swift; path = ReservationTableViewCell.swift; sourceTree = "<group>"; };
		C18CEEEF2834FEF3007FFEA0 /* BookingViewController.swift */ = {isa = PBXFileReference; lastKnownFileType = sourcecode.swift; path = BookingViewController.swift; sourceTree = "<group>"; };
		C18CEEF12834FF7F007FFEA0 /* HelpViewController.swift */ = {isa = PBXFileReference; lastKnownFileType = sourcecode.swift; path = HelpViewController.swift; sourceTree = "<group>"; };
/* End PBXFileReference section */

/* Begin PBXFrameworksBuildPhase section */
		3D7ED0192830B7DF00BA877B /* Frameworks */ = {
			isa = PBXFrameworksBuildPhase;
			buildActionMask = 2147483647;
			files = (
			);
			runOnlyForDeploymentPostprocessing = 0;
		};
		3D7ED02F2830B7E100BA877B /* Frameworks */ = {
			isa = PBXFrameworksBuildPhase;
			buildActionMask = 2147483647;
			files = (
			);
			runOnlyForDeploymentPostprocessing = 0;
		};
		3D7ED0392830B7E100BA877B /* Frameworks */ = {
			isa = PBXFrameworksBuildPhase;
			buildActionMask = 2147483647;
			files = (
			);
			runOnlyForDeploymentPostprocessing = 0;
		};
/* End PBXFrameworksBuildPhase section */

/* Begin PBXGroup section */
		04E3B8D9283400FF0066FC88 /* Model */ = {
			isa = PBXGroup;
			children = (
				04E3B8DA283401120066FC88 /* ParkField.swift */,
				04E3B8DF28340F610066FC88 /* DayOfField.swift */,
			);
			path = Model;
			sourceTree = "<group>";
		};
		04E3B8DE283402910066FC88 /* Controller */ = {
			isa = PBXGroup;
			children = (
				3D7ED0232830B7DF00BA877B /* ViewController.swift */,
				3D7ED04F2830C37C00BA877B /* ParkingListViewController.swift */,
				3D7ED0512830C4B200BA877B /* ParkingItemTableViewCell.swift */,
				C18CEEEF2834FEF3007FFEA0 /* BookingViewController.swift */,
				C18CEEF12834FF7F007FFEA0 /* HelpViewController.swift */,
				C12A73B428369FD100D21E4C /* ReservationViewController.swift */,
				C12A73B62836A00500D21E4C /* ReservationTableViewCell.swift */,
			);
			path = Controller;
			sourceTree = "<group>";
		};
		3D7ED0132830B7DF00BA877B = {
			isa = PBXGroup;
			children = (
				3D7ED01E2830B7DF00BA877B /* parking */,
				3D7ED01D2830B7DF00BA877B /* Products */,
			);
			sourceTree = "<group>";
		};
		3D7ED01D2830B7DF00BA877B /* Products */ = {
			isa = PBXGroup;
			children = (
				3D7ED01C2830B7DF00BA877B /* parking.app */,
				3D7ED0322830B7E100BA877B /* parkingTests.xctest */,
				3D7ED03C2830B7E100BA877B /* parkingUITests.xctest */,
			);
			name = Products;
			sourceTree = "<group>";
		};
		3D7ED01E2830B7DF00BA877B /* parking */ = {
			isa = PBXGroup;
			children = (
				04E3B8DE283402910066FC88 /* Controller */,
				04E3B8D9283400FF0066FC88 /* Model */,
				3D7ED01F2830B7DF00BA877B /* AppDelegate.swift */,
				3D7ED0212830B7DF00BA877B /* SceneDelegate.swift */,
				3D7ED0252830B7DF00BA877B /* Main.storyboard */,
				3D7ED0282830B7E100BA877B /* Assets.xcassets */,
				3D7ED02A2830B7E100BA877B /* LaunchScreen.storyboard */,
				3D7ED02D2830B7E100BA877B /* Info.plist */,
				3D7ED0532830C94E00BA877B /* data.json */,
			);
			path = parking;
			sourceTree = "<group>";
		};
/* End PBXGroup section */

/* Begin PBXNativeTarget section */
		3D7ED01B2830B7DF00BA877B /* parking */ = {
			isa = PBXNativeTarget;
			buildConfigurationList = 3D7ED0462830B7E100BA877B /* Build configuration list for PBXNativeTarget "parking" */;
			buildPhases = (
				3D7ED0182830B7DF00BA877B /* Sources */,
				3D7ED0192830B7DF00BA877B /* Frameworks */,
				3D7ED01A2830B7DF00BA877B /* Resources */,
			);
			buildRules = (
			);
			dependencies = (
			);
			name = parking;
			productName = parking;
			productReference = 3D7ED01C2830B7DF00BA877B /* parking.app */;
			productType = "com.apple.product-type.application";
		};
		3D7ED0312830B7E100BA877B /* parkingTests */ = {
			isa = PBXNativeTarget;
			buildConfigurationList = 3D7ED0492830B7E100BA877B /* Build configuration list for PBXNativeTarget "parkingTests" */;
			buildPhases = (
				3D7ED02E2830B7E100BA877B /* Sources */,
				3D7ED02F2830B7E100BA877B /* Frameworks */,
				3D7ED0302830B7E100BA877B /* Resources */,
			);
			buildRules = (
			);
			dependencies = (
				3D7ED0342830B7E100BA877B /* PBXTargetDependency */,
			);
			name = parkingTests;
			productName = parkingTests;
			productReference = 3D7ED0322830B7E100BA877B /* parkingTests.xctest */;
			productType = "com.apple.product-type.bundle.unit-test";
		};
		3D7ED03B2830B7E100BA877B /* parkingUITests */ = {
			isa = PBXNativeTarget;
			buildConfigurationList = 3D7ED04C2830B7E100BA877B /* Build configuration list for PBXNativeTarget "parkingUITests" */;
			buildPhases = (
				3D7ED0382830B7E100BA877B /* Sources */,
				3D7ED0392830B7E100BA877B /* Frameworks */,
				3D7ED03A2830B7E100BA877B /* Resources */,
			);
			buildRules = (
			);
			dependencies = (
				3D7ED03E2830B7E100BA877B /* PBXTargetDependency */,
			);
			name = parkingUITests;
			productName = parkingUITests;
			productReference = 3D7ED03C2830B7E100BA877B /* parkingUITests.xctest */;
			productType = "com.apple.product-type.bundle.ui-testing";
		};
/* End PBXNativeTarget section */

/* Begin PBXProject section */
		3D7ED0142830B7DF00BA877B /* Project object */ = {
			isa = PBXProject;
			attributes = {
				BuildIndependentTargetsInParallel = 1;
				LastSwiftUpdateCheck = 1330;
				LastUpgradeCheck = 1330;
				TargetAttributes = {
					3D7ED01B2830B7DF00BA877B = {
						CreatedOnToolsVersion = 13.3.1;
					};
					3D7ED0312830B7E100BA877B = {
						CreatedOnToolsVersion = 13.3.1;
						TestTargetID = 3D7ED01B2830B7DF00BA877B;
					};
					3D7ED03B2830B7E100BA877B = {
						CreatedOnToolsVersion = 13.3.1;
						TestTargetID = 3D7ED01B2830B7DF00BA877B;
					};
				};
			};
			buildConfigurationList = 3D7ED0172830B7DF00BA877B /* Build configuration list for PBXProject "parking" */;
			compatibilityVersion = "Xcode 13.0";
			developmentRegion = en;
			hasScannedForEncodings = 0;
			knownRegions = (
				en,
				Base,
			);
			mainGroup = 3D7ED0132830B7DF00BA877B;
			productRefGroup = 3D7ED01D2830B7DF00BA877B /* Products */;
			projectDirPath = "";
			projectRoot = "";
			targets = (
				3D7ED01B2830B7DF00BA877B /* parking */,
				3D7ED0312830B7E100BA877B /* parkingTests */,
				3D7ED03B2830B7E100BA877B /* parkingUITests */,
			);
		};
/* End PBXProject section */

/* Begin PBXResourcesBuildPhase section */
		3D7ED01A2830B7DF00BA877B /* Resources */ = {
			isa = PBXResourcesBuildPhase;
			buildActionMask = 2147483647;
			files = (
				3D7ED02C2830B7E100BA877B /* LaunchScreen.storyboard in Resources */,
				3D7ED0292830B7E100BA877B /* Assets.xcassets in Resources */,
				3D7ED0272830B7DF00BA877B /* Main.storyboard in Resources */,
				3D7ED0542830C94E00BA877B /* data.json in Resources */,
			);
			runOnlyForDeploymentPostprocessing = 0;
		};
		3D7ED0302830B7E100BA877B /* Resources */ = {
			isa = PBXResourcesBuildPhase;
			buildActionMask = 2147483647;
			files = (
			);
			runOnlyForDeploymentPostprocessing = 0;
		};
		3D7ED03A2830B7E100BA877B /* Resources */ = {
			isa = PBXResourcesBuildPhase;
			buildActionMask = 2147483647;
			files = (
			);
			runOnlyForDeploymentPostprocessing = 0;
		};
/* End PBXResourcesBuildPhase section */

/* Begin PBXSourcesBuildPhase section */
		3D7ED0182830B7DF00BA877B /* Sources */ = {
			isa = PBXSourcesBuildPhase;
			buildActionMask = 2147483647;
			files = (
				3D7ED0242830B7DF00BA877B /* ViewController.swift in Sources */,
				C18CEEF02834FEF3007FFEA0 /* BookingViewController.swift in Sources */,
				C12A73B72836A00500D21E4C /* ReservationTableViewCell.swift in Sources */,
				3D7ED0502830C37C00BA877B /* ParkingListViewController.swift in Sources */,
				04E3B8E028340F610066FC88 /* DayOfField.swift in Sources */,
				3D7ED0202830B7DF00BA877B /* AppDelegate.swift in Sources */,
				3D7ED0222830B7DF00BA877B /* SceneDelegate.swift in Sources */,
				04E3B8DB283401120066FC88 /* ParkField.swift in Sources */,
				C12A73B528369FD100D21E4C /* ReservationViewController.swift in Sources */,
				3D7ED0522830C4B200BA877B /* ParkingItemTableViewCell.swift in Sources */,
				C18CEEF22834FF7F007FFEA0 /* HelpViewController.swift in Sources */,
			);
			runOnlyForDeploymentPostprocessing = 0;
		};
		3D7ED02E2830B7E100BA877B /* Sources */ = {
			isa = PBXSourcesBuildPhase;
			buildActionMask = 2147483647;
			files = (
			);
			runOnlyForDeploymentPostprocessing = 0;
		};
		3D7ED0382830B7E100BA877B /* Sources */ = {
			isa = PBXSourcesBuildPhase;
			buildActionMask = 2147483647;
			files = (
			);
			runOnlyForDeploymentPostprocessing = 0;
		};
/* End PBXSourcesBuildPhase section */

/* Begin PBXTargetDependency section */
		3D7ED0342830B7E100BA877B /* PBXTargetDependency */ = {
			isa = PBXTargetDependency;
			target = 3D7ED01B2830B7DF00BA877B /* parking */;
			targetProxy = 3D7ED0332830B7E100BA877B /* PBXContainerItemProxy */;
		};
		3D7ED03E2830B7E100BA877B /* PBXTargetDependency */ = {
			isa = PBXTargetDependency;
			target = 3D7ED01B2830B7DF00BA877B /* parking */;
			targetProxy = 3D7ED03D2830B7E100BA877B /* PBXContainerItemProxy */;
		};
/* End PBXTargetDependency section */

/* Begin PBXVariantGroup section */
		3D7ED0252830B7DF00BA877B /* Main.storyboard */ = {
			isa = PBXVariantGroup;
			children = (
				3D7ED0262830B7DF00BA877B /* Base */,
			);
			name = Main.storyboard;
			sourceTree = "<group>";
		};
		3D7ED02A2830B7E100BA877B /* LaunchScreen.storyboard */ = {
			isa = PBXVariantGroup;
			children = (
				3D7ED02B2830B7E100BA877B /* Base */,
			);
			name = LaunchScreen.storyboard;
			sourceTree = "<group>";
		};
/* End PBXVariantGroup section */

/* Begin XCBuildConfiguration section */
		3D7ED0442830B7E100BA877B /* Debug */ = {
			isa = XCBuildConfiguration;
			buildSettings = {
				ALWAYS_SEARCH_USER_PATHS = NO;
				CLANG_ANALYZER_NONNULL = YES;
				CLANG_ANALYZER_NUMBER_OBJECT_CONVERSION = YES_AGGRESSIVE;
				CLANG_CXX_LANGUAGE_STANDARD = "gnu++17";
				CLANG_ENABLE_MODULES = YES;
				CLANG_ENABLE_OBJC_ARC = YES;
				CLANG_ENABLE_OBJC_WEAK = YES;
				CLANG_WARN_BLOCK_CAPTURE_AUTORELEASING = YES;
				CLANG_WARN_BOOL_CONVERSION = YES;
				CLANG_WARN_COMMA = YES;
				CLANG_WARN_CONSTANT_CONVERSION = YES;
				CLANG_WARN_DEPRECATED_OBJC_IMPLEMENTATIONS = YES;
				CLANG_WARN_DIRECT_OBJC_ISA_USAGE = YES_ERROR;
				CLANG_WARN_DOCUMENTATION_COMMENTS = YES;
				CLANG_WARN_EMPTY_BODY = YES;
				CLANG_WARN_ENUM_CONVERSION = YES;
				CLANG_WARN_INFINITE_RECURSION = YES;
				CLANG_WARN_INT_CONVERSION = YES;
				CLANG_WARN_NON_LITERAL_NULL_CONVERSION = YES;
				CLANG_WARN_OBJC_IMPLICIT_RETAIN_SELF = YES;
				CLANG_WARN_OBJC_LITERAL_CONVERSION = YES;
				CLANG_WARN_OBJC_ROOT_CLASS = YES_ERROR;
				CLANG_WARN_QUOTED_INCLUDE_IN_FRAMEWORK_HEADER = YES;
				CLANG_WARN_RANGE_LOOP_ANALYSIS = YES;
				CLANG_WARN_STRICT_PROTOTYPES = YES;
				CLANG_WARN_SUSPICIOUS_MOVE = YES;
				CLANG_WARN_UNGUARDED_AVAILABILITY = YES_AGGRESSIVE;
				CLANG_WARN_UNREACHABLE_CODE = YES;
				CLANG_WARN__DUPLICATE_METHOD_MATCH = YES;
				COPY_PHASE_STRIP = NO;
				DEBUG_INFORMATION_FORMAT = dwarf;
				ENABLE_STRICT_OBJC_MSGSEND = YES;
				ENABLE_TESTABILITY = YES;
				GCC_C_LANGUAGE_STANDARD = gnu11;
				GCC_DYNAMIC_NO_PIC = NO;
				GCC_NO_COMMON_BLOCKS = YES;
				GCC_OPTIMIZATION_LEVEL = 0;
				GCC_PREPROCESSOR_DEFINITIONS = (
					"DEBUG=1",
					"$(inherited)",
				);
				GCC_WARN_64_TO_32_BIT_CONVERSION = YES;
				GCC_WARN_ABOUT_RETURN_TYPE = YES_ERROR;
				GCC_WARN_UNDECLARED_SELECTOR = YES;
				GCC_WARN_UNINITIALIZED_AUTOS = YES_AGGRESSIVE;
				GCC_WARN_UNUSED_FUNCTION = YES;
				GCC_WARN_UNUSED_VARIABLE = YES;
				IPHONEOS_DEPLOYMENT_TARGET = 15.2;
				MTL_ENABLE_DEBUG_INFO = INCLUDE_SOURCE;
				MTL_FAST_MATH = YES;
				ONLY_ACTIVE_ARCH = YES;
				SDKROOT = iphoneos;
				SWIFT_ACTIVE_COMPILATION_CONDITIONS = DEBUG;
				SWIFT_OPTIMIZATION_LEVEL = "-Onone";
			};
			name = Debug;
		};
		3D7ED0452830B7E100BA877B /* Release */ = {
			isa = XCBuildConfiguration;
			buildSettings = {
				ALWAYS_SEARCH_USER_PATHS = NO;
				CLANG_ANALYZER_NONNULL = YES;
				CLANG_ANALYZER_NUMBER_OBJECT_CONVERSION = YES_AGGRESSIVE;
				CLANG_CXX_LANGUAGE_STANDARD = "gnu++17";
				CLANG_ENABLE_MODULES = YES;
				CLANG_ENABLE_OBJC_ARC = YES;
				CLANG_ENABLE_OBJC_WEAK = YES;
				CLANG_WARN_BLOCK_CAPTURE_AUTORELEASING = YES;
				CLANG_WARN_BOOL_CONVERSION = YES;
				CLANG_WARN_COMMA = YES;
				CLANG_WARN_CONSTANT_CONVERSION = YES;
				CLANG_WARN_DEPRECATED_OBJC_IMPLEMENTATIONS = YES;
				CLANG_WARN_DIRECT_OBJC_ISA_USAGE = YES_ERROR;
				CLANG_WARN_DOCUMENTATION_COMMENTS = YES;
				CLANG_WARN_EMPTY_BODY = YES;
				CLANG_WARN_ENUM_CONVERSION = YES;
				CLANG_WARN_INFINITE_RECURSION = YES;
				CLANG_WARN_INT_CONVERSION = YES;
				CLANG_WARN_NON_LITERAL_NULL_CONVERSION = YES;
				CLANG_WARN_OBJC_IMPLICIT_RETAIN_SELF = YES;
				CLANG_WARN_OBJC_LITERAL_CONVERSION = YES;
				CLANG_WARN_OBJC_ROOT_CLASS = YES_ERROR;
				CLANG_WARN_QUOTED_INCLUDE_IN_FRAMEWORK_HEADER = YES;
				CLANG_WARN_RANGE_LOOP_ANALYSIS = YES;
				CLANG_WARN_STRICT_PROTOTYPES = YES;
				CLANG_WARN_SUSPICIOUS_MOVE = YES;
				CLANG_WARN_UNGUARDED_AVAILABILITY = YES_AGGRESSIVE;
				CLANG_WARN_UNREACHABLE_CODE = YES;
				CLANG_WARN__DUPLICATE_METHOD_MATCH = YES;
				COPY_PHASE_STRIP = NO;
				DEBUG_INFORMATION_FORMAT = "dwarf-with-dsym";
				ENABLE_NS_ASSERTIONS = NO;
				ENABLE_STRICT_OBJC_MSGSEND = YES;
				GCC_C_LANGUAGE_STANDARD = gnu11;
				GCC_NO_COMMON_BLOCKS = YES;
				GCC_WARN_64_TO_32_BIT_CONVERSION = YES;
				GCC_WARN_ABOUT_RETURN_TYPE = YES_ERROR;
				GCC_WARN_UNDECLARED_SELECTOR = YES;
				GCC_WARN_UNINITIALIZED_AUTOS = YES_AGGRESSIVE;
				GCC_WARN_UNUSED_FUNCTION = YES;
				GCC_WARN_UNUSED_VARIABLE = YES;
				IPHONEOS_DEPLOYMENT_TARGET = 15.2;
				MTL_ENABLE_DEBUG_INFO = NO;
				MTL_FAST_MATH = YES;
				SDKROOT = iphoneos;
				SWIFT_COMPILATION_MODE = wholemodule;
				SWIFT_OPTIMIZATION_LEVEL = "-O";
				VALIDATE_PRODUCT = YES;
			};
			name = Release;
		};
		3D7ED0472830B7E100BA877B /* Debug */ = {
			isa = XCBuildConfiguration;
			buildSettings = {
				ASSETCATALOG_COMPILER_APPICON_NAME = AppIcon;
				ASSETCATALOG_COMPILER_GLOBAL_ACCENT_COLOR_NAME = AccentColor;
				CODE_SIGN_STYLE = Automatic;
				CURRENT_PROJECT_VERSION = 1;
				GENERATE_INFOPLIST_FILE = YES;
				INFOPLIST_FILE = parking/Info.plist;
				INFOPLIST_KEY_UIApplicationSupportsIndirectInputEvents = YES;
				INFOPLIST_KEY_UILaunchStoryboardName = LaunchScreen;
				INFOPLIST_KEY_UIMainStoryboardFile = Main;
				INFOPLIST_KEY_UISupportedInterfaceOrientations_iPad = "UIInterfaceOrientationPortrait UIInterfaceOrientationPortraitUpsideDown UIInterfaceOrientationLandscapeLeft UIInterfaceOrientationLandscapeRight";
				INFOPLIST_KEY_UISupportedInterfaceOrientations_iPhone = "UIInterfaceOrientationPortrait UIInterfaceOrientationLandscapeLeft UIInterfaceOrientationLandscapeRight";
				LD_RUNPATH_SEARCH_PATHS = (
					"$(inherited)",
					"@executable_path/Frameworks",
				);
				MARKETING_VERSION = 1.0;
				PRODUCT_BUNDLE_IDENTIFIER = demo.parking;
				PRODUCT_NAME = "$(TARGET_NAME)";
				SWIFT_EMIT_LOC_STRINGS = YES;
				SWIFT_VERSION = 5.0;
				TARGETED_DEVICE_FAMILY = "1,2";
			};
			name = Debug;
		};
		3D7ED0482830B7E100BA877B /* Release */ = {
			isa = XCBuildConfiguration;
			buildSettings = {
				ASSETCATALOG_COMPILER_APPICON_NAME = AppIcon;
				ASSETCATALOG_COMPILER_GLOBAL_ACCENT_COLOR_NAME = AccentColor;
				CODE_SIGN_STYLE = Automatic;
				CURRENT_PROJECT_VERSION = 1;
				GENERATE_INFOPLIST_FILE = YES;
				INFOPLIST_FILE = parking/Info.plist;
				INFOPLIST_KEY_UIApplicationSupportsIndirectInputEvents = YES;
				INFOPLIST_KEY_UILaunchStoryboardName = LaunchScreen;
				INFOPLIST_KEY_UIMainStoryboardFile = Main;
				INFOPLIST_KEY_UISupportedInterfaceOrientations_iPad = "UIInterfaceOrientationPortrait UIInterfaceOrientationPortraitUpsideDown UIInterfaceOrientationLandscapeLeft UIInterfaceOrientationLandscapeRight";
				INFOPLIST_KEY_UISupportedInterfaceOrientations_iPhone = "UIInterfaceOrientationPortrait UIInterfaceOrientationLandscapeLeft UIInterfaceOrientationLandscapeRight";
				LD_RUNPATH_SEARCH_PATHS = (
					"$(inherited)",
					"@executable_path/Frameworks",
				);
				MARKETING_VERSION = 1.0;
				PRODUCT_BUNDLE_IDENTIFIER = demo.parking;
				PRODUCT_NAME = "$(TARGET_NAME)";
				SWIFT_EMIT_LOC_STRINGS = YES;
				SWIFT_VERSION = 5.0;
				TARGETED_DEVICE_FAMILY = "1,2";
			};
			name = Release;
		};
		3D7ED04A2830B7E100BA877B /* Debug */ = {
			isa = XCBuildConfiguration;
			buildSettings = {
				ALWAYS_EMBED_SWIFT_STANDARD_LIBRARIES = YES;
				BUNDLE_LOADER = "$(TEST_HOST)";
				CODE_SIGN_STYLE = Automatic;
				CURRENT_PROJECT_VERSION = 1;
				GENERATE_INFOPLIST_FILE = YES;
				IPHONEOS_DEPLOYMENT_TARGET = 15.4;
				MARKETING_VERSION = 1.0;
				PRODUCT_BUNDLE_IDENTIFIER = demo.parkingTests;
				PRODUCT_NAME = "$(TARGET_NAME)";
				SWIFT_EMIT_LOC_STRINGS = NO;
				SWIFT_VERSION = 5.0;
				TARGETED_DEVICE_FAMILY = "1,2";
				TEST_HOST = "$(BUILT_PRODUCTS_DIR)/parking.app/parking";
			};
			name = Debug;
		};
		3D7ED04B2830B7E100BA877B /* Release */ = {
			isa = XCBuildConfiguration;
			buildSettings = {
				ALWAYS_EMBED_SWIFT_STANDARD_LIBRARIES = YES;
				BUNDLE_LOADER = "$(TEST_HOST)";
				CODE_SIGN_STYLE = Automatic;
				CURRENT_PROJECT_VERSION = 1;
				GENERATE_INFOPLIST_FILE = YES;
				IPHONEOS_DEPLOYMENT_TARGET = 15.4;
				MARKETING_VERSION = 1.0;
				PRODUCT_BUNDLE_IDENTIFIER = demo.parkingTests;
				PRODUCT_NAME = "$(TARGET_NAME)";
				SWIFT_EMIT_LOC_STRINGS = NO;
				SWIFT_VERSION = 5.0;
				TARGETED_DEVICE_FAMILY = "1,2";
				TEST_HOST = "$(BUILT_PRODUCTS_DIR)/parking.app/parking";
			};
			name = Release;
		};
		3D7ED04D2830B7E100BA877B /* Debug */ = {
			isa = XCBuildConfiguration;
			buildSettings = {
				ALWAYS_EMBED_SWIFT_STANDARD_LIBRARIES = YES;
				CODE_SIGN_STYLE = Automatic;
				CURRENT_PROJECT_VERSION = 1;
				GENERATE_INFOPLIST_FILE = YES;
				MARKETING_VERSION = 1.0;
				PRODUCT_BUNDLE_IDENTIFIER = demo.parkingUITests;
				PRODUCT_NAME = "$(TARGET_NAME)";
				SWIFT_EMIT_LOC_STRINGS = NO;
				SWIFT_VERSION = 5.0;
				TARGETED_DEVICE_FAMILY = "1,2";
				TEST_TARGET_NAME = parking;
			};
			name = Debug;
		};
		3D7ED04E2830B7E100BA877B /* Release */ = {
			isa = XCBuildConfiguration;
			buildSettings = {
				ALWAYS_EMBED_SWIFT_STANDARD_LIBRARIES = YES;
				CODE_SIGN_STYLE = Automatic;
				CURRENT_PROJECT_VERSION = 1;
				GENERATE_INFOPLIST_FILE = YES;
				MARKETING_VERSION = 1.0;
				PRODUCT_BUNDLE_IDENTIFIER = demo.parkingUITests;
				PRODUCT_NAME = "$(TARGET_NAME)";
				SWIFT_EMIT_LOC_STRINGS = NO;
				SWIFT_VERSION = 5.0;
				TARGETED_DEVICE_FAMILY = "1,2";
				TEST_TARGET_NAME = parking;
			};
			name = Release;
		};
/* End XCBuildConfiguration section */

/* Begin XCConfigurationList section */
		3D7ED0172830B7DF00BA877B /* Build configuration list for PBXProject "parking" */ = {
			isa = XCConfigurationList;
			buildConfigurations = (
				3D7ED0442830B7E100BA877B /* Debug */,
				3D7ED0452830B7E100BA877B /* Release */,
			);
			defaultConfigurationIsVisible = 0;
			defaultConfigurationName = Release;
		};
		3D7ED0462830B7E100BA877B /* Build configuration list for PBXNativeTarget "parking" */ = {
			isa = XCConfigurationList;
			buildConfigurations = (
				3D7ED0472830B7E100BA877B /* Debug */,
				3D7ED0482830B7E100BA877B /* Release */,
			);
			defaultConfigurationIsVisible = 0;
			defaultConfigurationName = Release;
		};
		3D7ED0492830B7E100BA877B /* Build configuration list for PBXNativeTarget "parkingTests" */ = {
			isa = XCConfigurationList;
			buildConfigurations = (
				3D7ED04A2830B7E100BA877B /* Debug */,
				3D7ED04B2830B7E100BA877B /* Release */,
			);
			defaultConfigurationIsVisible = 0;
			defaultConfigurationName = Release;
		};
		3D7ED04C2830B7E100BA877B /* Build configuration list for PBXNativeTarget "parkingUITests" */ = {
			isa = XCConfigurationList;
			buildConfigurations = (
				3D7ED04D2830B7E100BA877B /* Debug */,
				3D7ED04E2830B7E100BA877B /* Release */,
			);
			defaultConfigurationIsVisible = 0;
			defaultConfigurationName = Release;
		};
/* End XCConfigurationList section */
	};
	rootObject = 3D7ED0142830B7DF00BA877B /* Project object */;
}
